{
  "name": "aardvark-etl-core",
  "version": "0.1.0",
  "lockfileVersion": 1,
  "requires": true,
  "dependencies": {
    "comma-separated-values": {
      "version": "3.6.4",
      "resolved": "https://registry.npmjs.org/comma-separated-values/-/comma-separated-values-3.6.4.tgz",
      "integrity": "sha1-wwnscCT3S3rhkiM3IFQkJhfjW9I="
    },
    "lodash.orderby": {
      "version": "4.6.0",
      "resolved": "https://registry.npmjs.org/lodash.orderby/-/lodash.orderby-4.6.0.tgz",
      "integrity": "sha1-5pfwTOXXhSL1TZM4syuBozk+TrM="
    }
  }
}
